
Microsoft Visual Studio Solution File, Format Version 12.00
# Visual Studio Version 16
VisualStudioVersion = 16.0.31624.102
MinimumVisualStudioVersion = 10.0.40219.1
Project("{888888A0-9F3D-457C-B088-3A5042F75D52}") = "MachineDatabase", "MachineDatabase\MachineDatabase.pyproj", "{562A5128-0886-4C88-82CE-FF388D4D1EEB}"
EndProject
Global
	GlobalSection(SolutionConfigurationPlatforms) = preSolution
		Debug|Any CPU = Debug|Any CPU
		Release|Any CPU = Release|Any CPU
	EndGlobalSection
	GlobalSection(ProjectConfigurationPlatforms) = postSolution
		{562A5128-0886-4C88-82CE-FF388D4D1EEB}.Debug|Any CPU.ActiveCfg = Debug|Any CPU
		{562A5128-0886-4C88-82CE-FF388D4D1EEB}.Debug|Any CPU.Build.0 = Debug|Any CPU
		{562A5128-0886-4C88-82CE-FF388D4D1EEB}.Release|Any CPU.ActiveCfg = Release|Any CPU
		{562A5128-0886-4C88-82CE-FF388D4D1EEB}.Release|Any CPU.Build.0 = Release|Any CPU
	EndGlobalSection
	GlobalSection(SolutionProperties) = preSolution
		HideSolutionNode = FALSE
	EndGlobalSection
	GlobalSection(ExtensibilityGlobals) = postSolution
		SolutionGuid = {057E991E-6790-49DF-9674-02E67A7E1CF3}
	EndGlobalSection
EndGlobal
